
Microsoft Visual Studio Solution File, Format Version 12.00
# Visual Studio 2017
Project("{FAE04EC0-301F-11D3-BF4B-00C04F79EFBC}") = "Test Vuforia", "Test Vuforia.csproj", "{2B702A50-BE4F-0F09-5EE3-6229F57B15C1}"
EndProject
Project("{FAE04EC0-301F-11D3-BF4B-00C04F79EFBC}") = "Test Vuforia.Editor", "Test Vuforia.Editor.csproj", "{D8B2229F-C1DC-A126-1DCC-E355AFEDF1C0}"
EndProject
Global
	GlobalSection(SolutionConfigurationPlatforms) = preSolution
		Debug|Any CPU = Debug|Any CPU
		Release|Any CPU = Release|Any CPU
	EndGlobalSection
	GlobalSection(ProjectConfigurationPlatforms) = postSolution
		{2B702A50-BE4F-0F09-5EE3-6229F57B15C1}.Debug|Any CPU.ActiveCfg = Debug|Any CPU
		{2B702A50-BE4F-0F09-5EE3-6229F57B15C1}.Debug|Any CPU.Build.0 = Debug|Any CPU
		{2B702A50-BE4F-0F09-5EE3-6229F57B15C1}.Release|Any CPU.ActiveCfg = Release|Any CPU
		{2B702A50-BE4F-0F09-5EE3-6229F57B15C1}.Release|Any CPU.Build.0 = Release|Any CPU
		{D8B2229F-C1DC-A126-1DCC-E355AFEDF1C0}.Debug|Any CPU.ActiveCfg = Debug|Any CPU
		{D8B2229F-C1DC-A126-1DCC-E355AFEDF1C0}.Debug|Any CPU.Build.0 = Debug|Any CPU
		{D8B2229F-C1DC-A126-1DCC-E355AFEDF1C0}.Release|Any CPU.ActiveCfg = Release|Any CPU
		{D8B2229F-C1DC-A126-1DCC-E355AFEDF1C0}.Release|Any CPU.Build.0 = Release|Any CPU
	EndGlobalSection
	GlobalSection(SolutionProperties) = preSolution
		HideSolutionNode = FALSE
	EndGlobalSection
EndGlobal
